{
  "version": 4,
  "terraform_version": "1.2.5",
  "serial": 21,
  "lineage": "2e37363f-6b90-a470-b187-c947784e9100",
  "outputs": {},
  "resources": [
    {
      "mode": "managed",
      "type": "google_compute_instance",
      "name": "test",
      "provider": "provider[\"registry.terraform.io/hashicorp/google\"]",
      "instances": [
        {
          "schema_version": 6,
          "attributes": {
            "advanced_machine_features": [],
            "allow_stopping_for_update": null,
            "attached_disk": [],
            "boot_disk": [
              {
                "auto_delete": true,
                "device_name": "persistent-disk-0",
                "disk_encryption_key_raw": "",
                "disk_encryption_key_sha256": "",
                "initialize_params": [
                  {
                    "image": "https://www.googleapis.com/compute/v1/projects/debian-cloud/global/images/debian-9-stretch-v20220621",
                    "labels": {},
                    "size": 10,
                    "type": "pd-standard"
                  }
                ],
                "kms_key_self_link": "",
                "mode": "READ_WRITE",
                "source": "https://www.googleapis.com/compute/v1/projects/iti-ezzat/zones/us-central1-b/disks/managment-vm"
              }
            ],
            "can_ip_forward": false,
            "confidential_instance_config": [],
            "cpu_platform": "Intel Haswell",
            "current_status": "RUNNING",
            "deletion_protection": false,
            "description": "",
            "desired_status": null,
            "enable_display": false,
            "guest_accelerator": [],
            "hostname": "",
            "id": "projects/iti-ezzat/zones/us-central1-b/instances/managment-vm",
            "instance_id": "1463386581716435489",
            "label_fingerprint": "42WmSpB8rSM=",
            "labels": null,
            "machine_type": "f1-micro",
            "metadata": null,
            "metadata_fingerprint": "e1BdfOfMdes=",
            "metadata_startup_script": null,
            "min_cpu_platform": "",
            "name": "managment-vm",
            "network_interface": [
              {
                "access_config": [],
                "alias_ip_range": [],
                "ipv6_access_config": [],
                "ipv6_access_type": "",
                "name": "nic0",
                "network": "https://www.googleapis.com/compute/v1/projects/iti-ezzat/global/networks/gcp-project-vpc",
                "network_ip": "10.0.1.2",
                "nic_type": "",
                "queue_count": 0,
                "stack_type": "IPV4_ONLY",
                "subnetwork": "https://www.googleapis.com/compute/v1/projects/iti-ezzat/regions/us-central1/subnetworks/restricted",
                "subnetwork_project": "iti-ezzat"
              }
            ],
            "project": "iti-ezzat",
            "reservation_affinity": [],
            "resource_policies": null,
            "scheduling": [
              {
                "automatic_restart": true,
                "instance_termination_action": "",
                "min_node_cpus": 0,
                "node_affinities": [],
                "on_host_maintenance": "MIGRATE",
                "preemptible": false,
                "provisioning_model": "STANDARD"
              }
            ],
            "scratch_disk": [],
            "self_link": "https://www.googleapis.com/compute/v1/projects/iti-ezzat/zones/us-central1-b/instances/managment-vm",
            "service_account": [
              {
                "email": "vm--managment-sa@iti-ezzat.iam.gserviceaccount.com",
                "scopes": [
                  "https://www.googleapis.com/auth/cloud-platform"
                ]
              }
            ],
            "shielded_instance_config": [],
            "tags": null,
            "tags_fingerprint": "42WmSpB8rSM=",
            "timeouts": null,
            "zone": "us-central1-b"
          },
          "sensitive_attributes": [],
          "private": "eyJlMmJmYjczMC1lY2FhLTExZTYtOGY4OC0zNDM2M2JjN2M0YzAiOnsiY3JlYXRlIjoxMjAwMDAwMDAwMDAwLCJkZWxldGUiOjEyMDAwMDAwMDAwMDAsInVwZGF0ZSI6MTIwMDAwMDAwMDAwMH0sInNjaGVtYV92ZXJzaW9uIjoiNiJ9",
          "dependencies": [
            "google_service_account.managmet-sa",
            "module.network.google_compute_network.vpc",
            "module.network.google_compute_subnetwork.restricted_subnet"
          ]
        }
      ]
    },
    {
      "mode": "managed",
      "type": "google_compute_instance",
      "name": "vm",
      "provider": "provider[\"registry.terraform.io/hashicorp/google\"]",
      "instances": [
        {
          "schema_version": 6,
          "attributes": {
            "advanced_machine_features": [],
            "allow_stopping_for_update": null,
            "attached_disk": [],
            "boot_disk": [
              {
                "auto_delete": true,
                "device_name": "persistent-disk-0",
                "disk_encryption_key_raw": "",
                "disk_encryption_key_sha256": "",
                "initialize_params": [
                  {
                    "image": "https://www.googleapis.com/compute/v1/projects/debian-cloud/global/images/debian-9-stretch-v20220621",
                    "labels": {},
                    "size": 10,
                    "type": "pd-standard"
                  }
                ],
                "kms_key_self_link": "",
                "mode": "READ_WRITE",
                "source": "https://www.googleapis.com/compute/v1/projects/iti-ezzat/zones/us-central1-a/disks/managment-vm"
              }
            ],
            "can_ip_forward": false,
            "confidential_instance_config": [],
            "cpu_platform": "Intel Haswell",
            "current_status": "RUNNING",
            "deletion_protection": false,
            "description": "",
            "desired_status": null,
            "enable_display": false,
            "guest_accelerator": [],
            "hostname": "",
            "id": "projects/iti-ezzat/zones/us-central1-a/instances/managment-vm",
            "instance_id": "1934783908449616416",
            "label_fingerprint": "42WmSpB8rSM=",
            "labels": null,
            "machine_type": "f1-micro",
            "metadata": null,
            "metadata_fingerprint": "e1BdfOfMdes=",
            "metadata_startup_script": null,
            "min_cpu_platform": "",
            "name": "managment-vm",
            "network_interface": [
              {
                "access_config": [],
                "alias_ip_range": [],
                "ipv6_access_config": [],
                "ipv6_access_type": "",
                "name": "nic0",
                "network": "https://www.googleapis.com/compute/v1/projects/iti-ezzat/global/networks/gcp-project-vpc",
                "network_ip": "10.0.0.2",
                "nic_type": "",
                "queue_count": 0,
                "stack_type": "IPV4_ONLY",
                "subnetwork": "https://www.googleapis.com/compute/v1/projects/iti-ezzat/regions/us-central1/subnetworks/managment",
                "subnetwork_project": "iti-ezzat"
              }
            ],
            "project": "iti-ezzat",
            "reservation_affinity": [],
            "resource_policies": null,
            "scheduling": [
              {
                "automatic_restart": true,
                "instance_termination_action": "",
                "min_node_cpus": 0,
                "node_affinities": [],
                "on_host_maintenance": "MIGRATE",
                "preemptible": false,
                "provisioning_model": "STANDARD"
              }
            ],
            "scratch_disk": [],
            "self_link": "https://www.googleapis.com/compute/v1/projects/iti-ezzat/zones/us-central1-a/instances/managment-vm",
            "service_account": [
              {
                "email": "vm--managment-sa@iti-ezzat.iam.gserviceaccount.com",
                "scopes": [
                  "https://www.googleapis.com/auth/cloud-platform"
                ]
              }
            ],
            "shielded_instance_config": [],
            "tags": null,
            "tags_fingerprint": "42WmSpB8rSM=",
            "timeouts": null,
            "zone": "us-central1-a"
          },
          "sensitive_attributes": [],
          "private": "eyJlMmJmYjczMC1lY2FhLTExZTYtOGY4OC0zNDM2M2JjN2M0YzAiOnsiY3JlYXRlIjoxMjAwMDAwMDAwMDAwLCJkZWxldGUiOjEyMDAwMDAwMDAwMDAsInVwZGF0ZSI6MTIwMDAwMDAwMDAwMH0sInNjaGVtYV92ZXJzaW9uIjoiNiJ9",
          "dependencies": [
            "google_service_account.managmet-sa",
            "module.network.google_compute_network.vpc",
            "module.network.google_compute_subnetwork.management_subnet"
          ]
        }
      ]
    },
    {
      "mode": "managed",
      "type": "google_project_iam_binding",
      "name": "cluster-admin",
      "provider": "provider[\"registry.terraform.io/hashicorp/google\"]",
      "instances": [
        {
          "schema_version": 0,
          "attributes": {
            "condition": [],
            "etag": "BwXlDgJo1yU=",
            "id": "iti-ezzat/roles/container.admin",
            "members": [
              "serviceAccount:vm--managment-sa@iti-ezzat.iam.gserviceaccount.com"
            ],
            "project": "iti-ezzat",
            "role": "roles/container.admin"
          },
          "sensitive_attributes": [],
          "private": "bnVsbA==",
          "dependencies": [
            "google_service_account.managmet-sa"
          ]
        }
      ]
    },
    {
      "mode": "managed",
      "type": "google_project_iam_binding",
      "name": "gcr-viewer",
      "provider": "provider[\"registry.terraform.io/hashicorp/google\"]",
      "instances": [
        {
          "schema_version": 0,
          "attributes": {
            "condition": [],
            "etag": "BwXlDgJo1yU=",
            "id": "iti-ezzat/roles/storage.objectViewer",
            "members": [
              "serviceAccount:vm--managment-sa@iti-ezzat.iam.gserviceaccount.com"
            ],
            "project": "iti-ezzat",
            "role": "roles/storage.objectViewer"
          },
          "sensitive_attributes": [],
          "private": "bnVsbA==",
          "dependencies": [
            "google_service_account.managmet-sa"
          ]
        }
      ]
    },
    {
      "mode": "managed",
      "type": "google_service_account",
      "name": "managmet-sa",
      "provider": "provider[\"registry.terraform.io/hashicorp/google\"]",
      "instances": [
        {
          "schema_version": 0,
          "attributes": {
            "account_id": "vm--managment-sa",
            "description": "",
            "disabled": false,
            "display_name": "vm-sa",
            "email": "vm--managment-sa@iti-ezzat.iam.gserviceaccount.com",
            "id": "projects/iti-ezzat/serviceAccounts/vm--managment-sa@iti-ezzat.iam.gserviceaccount.com",
            "name": "projects/iti-ezzat/serviceAccounts/vm--managment-sa@iti-ezzat.iam.gserviceaccount.com",
            "project": "iti-ezzat",
            "timeouts": null,
            "unique_id": "102157684187241677544"
          },
          "sensitive_attributes": [],
          "private": "eyJlMmJmYjczMC1lY2FhLTExZTYtOGY4OC0zNDM2M2JjN2M0YzAiOnsiY3JlYXRlIjozMDAwMDAwMDAwMDB9fQ=="
        }
      ]
    },
    {
      "module": "module.GKE-cluster",
      "mode": "managed",
      "type": "google_container_cluster",
      "name": "gke_cluster",
      "provider": "provider[\"registry.terraform.io/hashicorp/google\"]",
      "instances": [
        {
          "schema_version": 1,
          "attributes": {
            "addons_config": [
              {
                "cloudrun_config": [],
                "dns_cache_config": [],
                "gce_persistent_disk_csi_driver_config": [
                  {
                    "enabled": true
                  }
                ],
                "gcp_filestore_csi_driver_config": [],
                "horizontal_pod_autoscaling": [],
                "http_load_balancing": [],
                "network_policy_config": [
                  {
                    "disabled": false
                  }
                ]
              }
            ],
            "authenticator_groups_config": [],
            "binary_authorization": [
              {
                "enabled": false,
                "evaluation_mode": ""
              }
            ],
            "cluster_autoscaling": [
              {
                "auto_provisioning_defaults": [],
                "enabled": false,
                "resource_limits": []
              }
            ],
            "cluster_ipv4_cidr": "172.17.0.0/16",
            "confidential_nodes": [],
            "database_encryption": [
              {
                "key_name": "",
                "state": "DECRYPTED"
              }
            ],
            "datapath_provider": "",
            "default_max_pods_per_node": 110,
            "default_snat_status": [
              {
                "disabled": false
              }
            ],
            "description": "",
            "dns_config": [],
            "enable_autopilot": false,
            "enable_binary_authorization": false,
            "enable_intranode_visibility": false,
            "enable_kubernetes_alpha": false,
            "enable_legacy_abac": false,
            "enable_shielded_nodes": true,
            "enable_tpu": false,
            "endpoint": "172.12.0.2",
            "id": "projects/iti-ezzat/locations/us-central1/clusters/my-gke-cluster",
            "initial_node_count": 1,
            "ip_allocation_policy": [
              {
                "cluster_ipv4_cidr_block": "172.17.0.0/16",
                "cluster_secondary_range_name": "gke-my-gke-cluster-pods-5dc5528b",
                "services_ipv4_cidr_block": "192.168.0.0/16",
                "services_secondary_range_name": "gke-my-gke-cluster-services-5dc5528b"
              }
            ],
            "label_fingerprint": "a9dc16a7",
            "location": "us-central1",
            "logging_config": [
              {
                "enable_components": [
                  "SYSTEM_COMPONENTS",
                  "WORKLOADS"
                ]
              }
            ],
            "logging_service": "logging.googleapis.com/kubernetes",
            "maintenance_policy": [],
            "master_auth": [
              {
                "client_certificate": "",
                "client_certificate_config": [
                  {
                    "issue_client_certificate": false
                  }
                ],
                "client_key": "",
                "cluster_ca_certificate": "LS0tLS1CRUdJTiBDRVJUSUZJQ0FURS0tLS0tCk1JSUVMRENDQXBTZ0F3SUJBZ0lRRFRhUnF5OFRrT1h1Y3E1NmdUUkdrekFOQmdrcWhraUc5dzBCQVFzRkFEQXYKTVMwd0t3WURWUVFERXlRME1tSTROV1E1TkMwME9UUmhMVFE0TVdFdFltRmxaQzFoWm1Zd05EazVNemMzWkdNdwpJQmNOTWpJd056TXdNakl5TURRMVdoZ1BNakExTWpBM01qSXlNekl3TkRWYU1DOHhMVEFyQmdOVkJBTVRKRFF5CllqZzFaRGswTFRRNU5HRXRORGd4WVMxaVlXVmtMV0ZtWmpBME9Ua3pOemRrWXpDQ0FhSXdEUVlKS29aSWh2Y04KQVFFQkJRQURnZ0dQQURDQ0FZb0NnZ0dCQUw1YzF3V3VSU0pBbUd6SjZMTUwzK0xFRURGeUxwalhCTTZnVGluWQptbjZMRUF3WE51QkhRT0g3VlJZc1pKbmRYcjVNd2w5MUtFUDNPR2ZjRWNPdWloVDZ3Mkx1U3JSVlV5TnZxbW1CClFSZWdIYjcwbnhNc3R6dlhXZ2RSMFFuSzF2OGVvcWVGZU9ESEVFeCtGMWpscE13NU52cFVHZE05U1Y5YUloM28KS0RCZTgyMEEzMktWV0VFeTRYUnJnQlVLUzBJS28rcXh6cXZ3WFNjTzlNR1ptV2wwcG54TVRZbHF3MkpXd3N2ZgppRUVEb3A3eTQ0OXZnYnVFWlpUZ0ZydXArQkJWcmJlTXN2OElwMVJmazlLVDNMRHBmM0Y0VXNzb3NjaWU1SitwCmFnb2lPQ05DZFQwTHYwZUgrcHd5UzdtVXBsQXNOaUtZV0lFWEgxRUJTVGsrVk5rRE5oMWQzTEpNaWp4ZjdoSk4KbTNLY3ZFbC9ZU3Q1bVFIUHd0TE5JWDFlZUFBUGVJaFc5U1NXS1NsVVlHNVU2OGhmMGtsSDFHTnJKU2E1YWNOZgo4aXpBTkloMmt6aDlSVHBHdFZQUFBhYkh4LzlxS0NLOFpSYTcrVEhyQnhSVVlOcVNPYjV1UWR6cUNtaitueUQ1ClIwMG9PSGsrSnlyN2RPTEFrMUdOblQ0ZFp3SURBUUFCbzBJd1FEQU9CZ05WSFE4QkFmOEVCQU1DQWdRd0R3WUQKVlIwVEFRSC9CQVV3QXdFQi96QWRCZ05WSFE0RUZnUVVLMUZyNjVmRDhjMXpGUjdSVEovMlEyTTdtRUV3RFFZSgpLb1pJaHZjTkFRRUxCUUFEZ2dHQkFHZmJwVHM0NG1CWkllSHpkbnFZOE5pK1BNcjlkNnd0cU9iZkFUWGlac29LCkdocmFTbHRoaHhlQVU0VUtyMG90M2Y5M1JwN28xNEhJemV4andKUkJNMXdmQ2pISWE0RUIrNG1ON2pqQURnU0oKUCtYT1FGQzFlSEdYVzVtN0RScXdxWGM5UThHSDgwQy9CZDFLZjlicWQ4ek9YY0V1Mm51VDNsVm53dUZOMHhsRwpYazg4MVhJUWlWU3U1QWlvZDFoQ0tLV0IzcUNLa2RkQWduL3htVEptYXJqTCswYVA3SkpIY1d1L0tTL1J6UEV1CkxBOGthZnFORUcyZVFqQ3JuMzRoUlZiWWFoQTk4RXpIaVdYeUtjNEdyQUN1TVQ3dTh4N0xZOStRb016OXlwWjQKMFdlWnZvdVo2SVVCd0ZSRWw1Q00vcTFWZ3Nrc0R3Q0FuclBvdXY1cmZsZmY4Qk5kUEdicVQxRVNkRERzQ3U1dgpTUUZqR3F3aWptU2hwM3pCWEZpeVJ4TE52YmJrc1RXTVp2SnkzUWRJRnZVM1loTW5zOUVHb3RhWjE2RzFEOTdOCnpXQi9OM2ZhYjd4SForNWJ2RjJpcVdleUJVa3NxVU15MndMRCtvc2QzUHBaU2UrcmhLV0VSejRIMlFPMUR2RXYKcGIrajc0alpJQkYwUHhmZE1hd2dwdz09Ci0tLS0tRU5EIENFUlRJRklDQVRFLS0tLS0K"
              }
            ],
            "master_authorized_networks_config": [
              {
                "cidr_blocks": [
                  {
                    "cidr_block": "10.0.0.0/24",
                    "display_name": ""
                  }
                ]
              }
            ],
            "master_version": "1.22.8-gke.202",
            "min_master_version": null,
            "monitoring_config": [
              {
                "enable_components": [
                  "SYSTEM_COMPONENTS"
                ]
              }
            ],
            "monitoring_service": "monitoring.googleapis.com/kubernetes",
            "name": "my-gke-cluster",
            "network": "projects/iti-ezzat/global/networks/gcp-project-vpc",
            "network_policy": [
              {
                "enabled": true,
                "provider": ""
              }
            ],
            "networking_mode": "VPC_NATIVE",
            "node_config": [],
            "node_locations": [
              "us-central1-a",
              "us-central1-c",
              "us-central1-f"
            ],
            "node_pool": [],
            "node_version": "1.22.8-gke.202",
            "notification_config": [
              {
                "pubsub": [
                  {
                    "enabled": false,
                    "topic": ""
                  }
                ]
              }
            ],
            "operation": null,
            "private_cluster_config": [
              {
                "enable_private_endpoint": true,
                "enable_private_nodes": true,
                "master_global_access_config": [
                  {
                    "enabled": true
                  }
                ],
                "master_ipv4_cidr_block": "172.12.0.0/28",
                "peering_name": "gke-n3260563a03e91761794-afef-fdbe-peer",
                "private_endpoint": "172.12.0.2",
                "public_endpoint": "104.197.128.123"
              }
            ],
            "private_ipv6_google_access": "",
            "project": "iti-ezzat",
            "release_channel": [
              {
                "channel": "REGULAR"
              }
            ],
            "remove_default_node_pool": true,
            "resource_labels": null,
            "resource_usage_export_config": [],
            "self_link": "https://container.googleapis.com/v1/projects/iti-ezzat/locations/us-central1/clusters/my-gke-cluster",
            "services_ipv4_cidr": "192.168.0.0/16",
            "subnetwork": "projects/iti-ezzat/regions/us-central1/subnetworks/restricted",
            "timeouts": null,
            "tpu_ipv4_cidr_block": "",
            "vertical_pod_autoscaling": [],
            "workload_identity_config": []
          },
          "sensitive_attributes": [],
          "private": "eyJlMmJmYjczMC1lY2FhLTExZTYtOGY4OC0zNDM2M2JjN2M0YzAiOnsiY3JlYXRlIjoyNDAwMDAwMDAwMDAwLCJkZWxldGUiOjI0MDAwMDAwMDAwMDAsInJlYWQiOjI0MDAwMDAwMDAwMDAsInVwZGF0ZSI6MzYwMDAwMDAwMDAwMH0sInNjaGVtYV92ZXJzaW9uIjoiMSJ9",
          "dependencies": [
            "module.network.google_compute_network.vpc",
            "module.network.google_compute_subnetwork.restricted_subnet"
          ]
        }
      ]
    },
    {
      "module": "module.GKE-cluster",
      "mode": "managed",
      "type": "google_container_node_pool",
      "name": "node-pool",
      "provider": "provider[\"registry.terraform.io/hashicorp/google\"]",
      "instances": [
        {
          "schema_version": 1,
          "attributes": {
            "autoscaling": [
              {
                "max_node_count": 2,
                "min_node_count": 1
              }
            ],
            "cluster": "projects/iti-ezzat/locations/us-central1/clusters/my-gke-cluster",
            "id": "projects/iti-ezzat/locations/us-central1/clusters/my-gke-cluster/nodePools/node-pool",
            "initial_node_count": 1,
            "instance_group_urls": [
              "https://www.googleapis.com/compute/v1/projects/iti-ezzat/zones/us-central1-a/instanceGroupManagers/gke-my-gke-cluster-node-pool-b6df4410-grp",
              "https://www.googleapis.com/compute/v1/projects/iti-ezzat/zones/us-central1-c/instanceGroupManagers/gke-my-gke-cluster-node-pool-bc8e2810-grp",
              "https://www.googleapis.com/compute/v1/projects/iti-ezzat/zones/us-central1-f/instanceGroupManagers/gke-my-gke-cluster-node-pool-50ebe00f-grp"
            ],
            "location": "us-central1",
            "managed_instance_group_urls": [
              "https://www.googleapis.com/compute/v1/projects/iti-ezzat/zones/us-central1-a/instanceGroups/gke-my-gke-cluster-node-pool-b6df4410-grp",
              "https://www.googleapis.com/compute/v1/projects/iti-ezzat/zones/us-central1-c/instanceGroups/gke-my-gke-cluster-node-pool-bc8e2810-grp",
              "https://www.googleapis.com/compute/v1/projects/iti-ezzat/zones/us-central1-f/instanceGroups/gke-my-gke-cluster-node-pool-50ebe00f-grp"
            ],
            "management": [
              {
                "auto_repair": true,
                "auto_upgrade": true
              }
            ],
            "max_pods_per_node": 100,
            "name": "node-pool",
            "name_prefix": "",
            "node_config": [
              {
                "boot_disk_kms_key": "",
                "disk_size_gb": 100,
                "disk_type": "pd-standard",
                "gcfs_config": [],
                "guest_accelerator": [],
                "gvnic": [],
                "image_type": "COS_CONTAINERD",
                "labels": {},
                "local_ssd_count": 0,
                "machine_type": "e2-micro",
                "metadata": {
                  "disable-legacy-endpoints": "true"
                },
                "min_cpu_platform": "",
                "node_group": "",
                "oauth_scopes": [
                  "https://www.googleapis.com/auth/devstorage.read_only",
                  "https://www.googleapis.com/auth/logging.write",
                  "https://www.googleapis.com/auth/monitoring",
                  "https://www.googleapis.com/auth/service.management.readonly",
                  "https://www.googleapis.com/auth/servicecontrol",
                  "https://www.googleapis.com/auth/trace.append"
                ],
                "preemptible": false,
                "service_account": "gke-node-sa@iti-ezzat.iam.gserviceaccount.com",
                "shielded_instance_config": [
                  {
                    "enable_integrity_monitoring": true,
                    "enable_secure_boot": false
                  }
                ],
                "spot": false,
                "tags": null,
                "taint": [],
                "workload_metadata_config": []
              }
            ],
            "node_count": 1,
            "node_locations": [
              "us-central1-a",
              "us-central1-c",
              "us-central1-f"
            ],
            "operation": null,
            "project": "iti-ezzat",
            "timeouts": null,
            "upgrade_settings": [
              {
                "max_surge": 1,
                "max_unavailable": 1
              }
            ],
            "version": "1.22.8-gke.202"
          },
          "sensitive_attributes": [],
          "private": "eyJlMmJmYjczMC1lY2FhLTExZTYtOGY4OC0zNDM2M2JjN2M0YzAiOnsiY3JlYXRlIjoxODAwMDAwMDAwMDAwLCJkZWxldGUiOjE4MDAwMDAwMDAwMDAsInVwZGF0ZSI6MTgwMDAwMDAwMDAwMH0sInNjaGVtYV92ZXJzaW9uIjoiMSJ9",
          "dependencies": [
            "module.GKE-cluster.google_container_cluster.gke_cluster",
            "module.GKE-cluster.google_service_account.service_account",
            "module.network.google_compute_network.vpc",
            "module.network.google_compute_subnetwork.restricted_subnet"
          ]
        }
      ]
    },
    {
      "module": "module.GKE-cluster",
      "mode": "managed",
      "type": "google_project_iam_binding",
      "name": "logWriter",
      "provider": "provider[\"registry.terraform.io/hashicorp/google\"]",
      "instances": [
        {
          "schema_version": 0,
          "attributes": {
            "condition": [],
            "etag": "BwXlDgJo1yU=",
            "id": "iti-ezzat/roles/logging.logWriter",
            "members": [
              "serviceAccount:gke-node-sa@iti-ezzat.iam.gserviceaccount.com"
            ],
            "project": "iti-ezzat",
            "role": "roles/logging.logWriter"
          },
          "sensitive_attributes": [],
          "private": "bnVsbA==",
          "dependencies": [
            "module.GKE-cluster.google_service_account.service_account"
          ]
        }
      ]
    },
    {
      "module": "module.GKE-cluster",
      "mode": "managed",
      "type": "google_project_iam_binding",
      "name": "metricWriter",
      "provider": "provider[\"registry.terraform.io/hashicorp/google\"]",
      "instances": [
        {
          "schema_version": 0,
          "attributes": {
            "condition": [],
            "etag": "BwXlDgJo1yU=",
            "id": "iti-ezzat/roles/monitoring.metricWriter",
            "members": [
              "serviceAccount:gke-node-sa@iti-ezzat.iam.gserviceaccount.com"
            ],
            "project": "iti-ezzat",
            "role": "roles/monitoring.metricWriter"
          },
          "sensitive_attributes": [],
          "private": "bnVsbA==",
          "dependencies": [
            "module.GKE-cluster.google_service_account.service_account"
          ]
        }
      ]
    },
    {
      "module": "module.GKE-cluster",
      "mode": "managed",
      "type": "google_project_iam_binding",
      "name": "monitoring-viewer",
      "provider": "provider[\"registry.terraform.io/hashicorp/google\"]",
      "instances": [
        {
          "schema_version": 0,
          "attributes": {
            "condition": [],
            "etag": "BwXlDgJo1yU=",
            "id": "iti-ezzat/roles/monitoring.viewer",
            "members": [
              "serviceAccount:gke-node-sa@iti-ezzat.iam.gserviceaccount.com"
            ],
            "project": "iti-ezzat",
            "role": "roles/monitoring.viewer"
          },
          "sensitive_attributes": [],
          "private": "bnVsbA==",
          "dependencies": [
            "module.GKE-cluster.google_service_account.service_account"
          ]
        }
      ]
    },
    {
      "module": "module.GKE-cluster",
      "mode": "managed",
      "type": "google_project_iam_binding",
      "name": "objectViewer",
      "provider": "provider[\"registry.terraform.io/hashicorp/google\"]",
      "instances": [
        {
          "schema_version": 0,
          "attributes": {
            "condition": [],
            "etag": "BwXlDgJo1yU=",
            "id": "iti-ezzat/roles/storage.objectViewer",
            "members": [
              "serviceAccount:gke-node-sa@iti-ezzat.iam.gserviceaccount.com"
            ],
            "project": "iti-ezzat",
            "role": "roles/storage.objectViewer"
          },
          "sensitive_attributes": [],
          "private": "bnVsbA==",
          "dependencies": [
            "module.GKE-cluster.google_service_account.service_account"
          ]
        }
      ]
    },
    {
      "module": "module.GKE-cluster",
      "mode": "managed",
      "type": "google_project_iam_binding",
      "name": "resourceMetadata-writer",
      "provider": "provider[\"registry.terraform.io/hashicorp/google\"]",
      "instances": [
        {
          "schema_version": 0,
          "attributes": {
            "condition": [],
            "etag": "BwXlDgJo1yU=",
            "id": "iti-ezzat/roles/stackdriver.resourceMetadata.writer",
            "members": [
              "serviceAccount:gke-node-sa@iti-ezzat.iam.gserviceaccount.com"
            ],
            "project": "iti-ezzat",
            "role": "roles/stackdriver.resourceMetadata.writer"
          },
          "sensitive_attributes": [],
          "private": "bnVsbA==",
          "dependencies": [
            "module.GKE-cluster.google_service_account.service_account"
          ]
        }
      ]
    },
    {
      "module": "module.GKE-cluster",
      "mode": "managed",
      "type": "google_service_account",
      "name": "service_account",
      "provider": "provider[\"registry.terraform.io/hashicorp/google\"]",
      "instances": [
        {
          "schema_version": 0,
          "attributes": {
            "account_id": "gke-node-sa",
            "description": "",
            "disabled": false,
            "display_name": "gke-node-sa",
            "email": "gke-node-sa@iti-ezzat.iam.gserviceaccount.com",
            "id": "projects/iti-ezzat/serviceAccounts/gke-node-sa@iti-ezzat.iam.gserviceaccount.com",
            "name": "projects/iti-ezzat/serviceAccounts/gke-node-sa@iti-ezzat.iam.gserviceaccount.com",
            "project": "iti-ezzat",
            "timeouts": null,
            "unique_id": "108753026523008131355"
          },
          "sensitive_attributes": [],
          "private": "eyJlMmJmYjczMC1lY2FhLTExZTYtOGY4OC0zNDM2M2JjN2M0YzAiOnsiY3JlYXRlIjozMDAwMDAwMDAwMDB9fQ=="
        }
      ]
    },
    {
      "module": "module.network",
      "mode": "managed",
      "type": "google_compute_firewall",
      "name": "restricted_rule",
      "provider": "provider[\"registry.terraform.io/hashicorp/google\"]",
      "instances": [
        {
          "schema_version": 1,
          "attributes": {
            "allow": [
              {
                "ports": [
                  "80",
                  "443"
                ],
                "protocol": "tcp"
              }
            ],
            "creation_timestamp": "2022-07-30T16:20:32.998-07:00",
            "deny": [],
            "description": "",
            "destination_ranges": [
              "0.0.0.0/0"
            ],
            "direction": "EGRESS",
            "disabled": false,
            "enable_logging": null,
            "id": "projects/iti-ezzat/global/firewalls/task-firewall-2",
            "log_config": [],
            "name": "task-firewall-2",
            "network": "https://www.googleapis.com/compute/v1/projects/iti-ezzat/global/networks/gcp-project-vpc",
            "priority": 1200,
            "project": "iti-ezzat",
            "self_link": "https://www.googleapis.com/compute/v1/projects/iti-ezzat/global/firewalls/task-firewall-2",
            "source_ranges": [
              "10.0.1.0/24"
            ],
            "source_service_accounts": null,
            "source_tags": null,
            "target_service_accounts": null,
            "target_tags": null,
            "timeouts": null
          },
          "sensitive_attributes": [],
          "private": "eyJlMmJmYjczMC1lY2FhLTExZTYtOGY4OC0zNDM2M2JjN2M0YzAiOnsiY3JlYXRlIjoxMjAwMDAwMDAwMDAwLCJkZWxldGUiOjEyMDAwMDAwMDAwMDAsInVwZGF0ZSI6MTIwMDAwMDAwMDAwMH0sInNjaGVtYV92ZXJzaW9uIjoiMSJ9",
          "dependencies": [
            "module.network.google_compute_network.vpc"
          ]
        }
      ]
    },
    {
      "module": "module.network",
      "mode": "managed",
      "type": "google_compute_firewall",
      "name": "ssh_rule",
      "provider": "provider[\"registry.terraform.io/hashicorp/google\"]",
      "instances": [
        {
          "schema_version": 1,
          "attributes": {
            "allow": [
              {
                "ports": [
                  "22"
                ],
                "protocol": "tcp"
              }
            ],
            "creation_timestamp": "2022-07-30T16:20:32.516-07:00",
            "deny": [],
            "description": "allow ssh from only IAP ",
            "destination_ranges": [],
            "direction": "INGRESS",
            "disabled": false,
            "enable_logging": null,
            "id": "projects/iti-ezzat/global/firewalls/allow-ssh",
            "log_config": [],
            "name": "allow-ssh",
            "network": "https://www.googleapis.com/compute/v1/projects/iti-ezzat/global/networks/gcp-project-vpc",
            "priority": 700,
            "project": "iti-ezzat",
            "self_link": "https://www.googleapis.com/compute/v1/projects/iti-ezzat/global/firewalls/allow-ssh",
            "source_ranges": [
              "35.235.240.0/20"
            ],
            "source_service_accounts": null,
            "source_tags": null,
            "target_service_accounts": null,
            "target_tags": null,
            "timeouts": null
          },
          "sensitive_attributes": [],
          "private": "eyJlMmJmYjczMC1lY2FhLTExZTYtOGY4OC0zNDM2M2JjN2M0YzAiOnsiY3JlYXRlIjoxMjAwMDAwMDAwMDAwLCJkZWxldGUiOjEyMDAwMDAwMDAwMDAsInVwZGF0ZSI6MTIwMDAwMDAwMDAwMH0sInNjaGVtYV92ZXJzaW9uIjoiMSJ9",
          "dependencies": [
            "module.network.google_compute_network.vpc"
          ]
        }
      ]
    },
    {
      "module": "module.network",
      "mode": "managed",
      "type": "google_compute_network",
      "name": "vpc",
      "provider": "provider[\"registry.terraform.io/hashicorp/google\"]",
      "instances": [
        {
          "schema_version": 0,
          "attributes": {
            "auto_create_subnetworks": false,
            "delete_default_routes_on_create": false,
            "description": "",
            "enable_ula_internal_ipv6": false,
            "gateway_ipv4": "",
            "id": "projects/iti-ezzat/global/networks/gcp-project-vpc",
            "internal_ipv6_range": "",
            "mtu": 1460,
            "name": "gcp-project-vpc",
            "project": "iti-ezzat",
            "routing_mode": "REGIONAL",
            "self_link": "https://www.googleapis.com/compute/v1/projects/iti-ezzat/global/networks/gcp-project-vpc",
            "timeouts": null
          },
          "sensitive_attributes": [],
          "private": "eyJlMmJmYjczMC1lY2FhLTExZTYtOGY4OC0zNDM2M2JjN2M0YzAiOnsiY3JlYXRlIjoxMjAwMDAwMDAwMDAwLCJkZWxldGUiOjEyMDAwMDAwMDAwMDAsInVwZGF0ZSI6MTIwMDAwMDAwMDAwMH19"
        }
      ]
    },
    {
      "module": "module.network",
      "mode": "managed",
      "type": "google_compute_router",
      "name": "router",
      "provider": "provider[\"registry.terraform.io/hashicorp/google\"]",
      "instances": [
        {
          "schema_version": 0,
          "attributes": {
            "bgp": [],
            "creation_timestamp": "2022-07-30T16:20:32.987-07:00",
            "description": "",
            "encrypted_interconnect_router": false,
            "id": "projects/iti-ezzat/regions/us-central1/routers/gcp-router",
            "name": "gcp-router",
            "network": "https://www.googleapis.com/compute/v1/projects/iti-ezzat/global/networks/gcp-project-vpc",
            "project": "iti-ezzat",
            "region": "us-central1",
            "self_link": "https://www.googleapis.com/compute/v1/projects/iti-ezzat/regions/us-central1/routers/gcp-router",
            "timeouts": null
          },
          "sensitive_attributes": [],
          "private": "eyJlMmJmYjczMC1lY2FhLTExZTYtOGY4OC0zNDM2M2JjN2M0YzAiOnsiY3JlYXRlIjoxMjAwMDAwMDAwMDAwLCJkZWxldGUiOjEyMDAwMDAwMDAwMDAsInVwZGF0ZSI6MTIwMDAwMDAwMDAwMH19",
          "dependencies": [
            "module.network.google_compute_network.vpc"
          ]
        }
      ]
    },
    {
      "module": "module.network",
      "mode": "managed",
      "type": "google_compute_router_nat",
      "name": "mynat_gateway",
      "provider": "provider[\"registry.terraform.io/hashicorp/google\"]",
      "instances": [
        {
          "schema_version": 0,
          "attributes": {
            "drain_nat_ips": null,
            "enable_dynamic_port_allocation": false,
            "enable_endpoint_independent_mapping": true,
            "icmp_idle_timeout_sec": 30,
            "id": "iti-ezzat/us-central1/gcp-router/router-nat",
            "log_config": [],
            "max_ports_per_vm": 0,
            "min_ports_per_vm": 0,
            "name": "router-nat",
            "nat_ip_allocate_option": "AUTO_ONLY",
            "nat_ips": null,
            "project": "iti-ezzat",
            "region": "us-central1",
            "router": "gcp-router",
            "source_subnetwork_ip_ranges_to_nat": "LIST_OF_SUBNETWORKS",
            "subnetwork": [
              {
                "name": "projects/iti-ezzat/regions/us-central1/subnetworks/managment",
                "secondary_ip_range_names": [],
                "source_ip_ranges_to_nat": [
                  "PRIMARY_IP_RANGE"
                ]
              }
            ],
            "tcp_established_idle_timeout_sec": 1200,
            "tcp_transitory_idle_timeout_sec": 30,
            "timeouts": null,
            "udp_idle_timeout_sec": 30
          },
          "sensitive_attributes": [],
          "private": "eyJlMmJmYjczMC1lY2FhLTExZTYtOGY4OC0zNDM2M2JjN2M0YzAiOnsiY3JlYXRlIjoxMjAwMDAwMDAwMDAwLCJkZWxldGUiOjEyMDAwMDAwMDAwMDAsInVwZGF0ZSI6MTIwMDAwMDAwMDAwMH19",
          "dependencies": [
            "module.network.google_compute_network.vpc",
            "module.network.google_compute_router.router",
            "module.network.google_compute_subnetwork.management_subnet"
          ]
        }
      ]
    },
    {
      "module": "module.network",
      "mode": "managed",
      "type": "google_compute_subnetwork",
      "name": "management_subnet",
      "provider": "provider[\"registry.terraform.io/hashicorp/google\"]",
      "instances": [
        {
          "schema_version": 0,
          "attributes": {
            "creation_timestamp": "2022-07-30T16:20:33.079-07:00",
            "description": "",
            "external_ipv6_prefix": "",
            "fingerprint": null,
            "gateway_address": "10.0.0.1",
            "id": "projects/iti-ezzat/regions/us-central1/subnetworks/managment",
            "ip_cidr_range": "10.0.0.0/24",
            "ipv6_access_type": "",
            "ipv6_cidr_range": "",
            "log_config": [],
            "name": "managment",
            "network": "https://www.googleapis.com/compute/v1/projects/iti-ezzat/global/networks/gcp-project-vpc",
            "private_ip_google_access": true,
            "private_ipv6_google_access": "DISABLE_GOOGLE_ACCESS",
            "project": "iti-ezzat",
            "purpose": "PRIVATE",
            "region": "us-central1",
            "role": "",
            "secondary_ip_range": [],
            "self_link": "https://www.googleapis.com/compute/v1/projects/iti-ezzat/regions/us-central1/subnetworks/managment",
            "stack_type": "IPV4_ONLY",
            "timeouts": null
          },
          "sensitive_attributes": [],
          "private": "eyJlMmJmYjczMC1lY2FhLTExZTYtOGY4OC0zNDM2M2JjN2M0YzAiOnsiY3JlYXRlIjoxMjAwMDAwMDAwMDAwLCJkZWxldGUiOjEyMDAwMDAwMDAwMDAsInVwZGF0ZSI6MTIwMDAwMDAwMDAwMH19",
          "dependencies": [
            "module.network.google_compute_network.vpc"
          ]
        }
      ]
    },
    {
      "module": "module.network",
      "mode": "managed",
      "type": "google_compute_subnetwork",
      "name": "restricted_subnet",
      "provider": "provider[\"registry.terraform.io/hashicorp/google\"]",
      "instances": [
        {
          "schema_version": 0,
          "attributes": {
            "creation_timestamp": "2022-07-30T16:20:33.140-07:00",
            "description": "",
            "external_ipv6_prefix": "",
            "fingerprint": null,
            "gateway_address": "10.0.1.1",
            "id": "projects/iti-ezzat/regions/us-central1/subnetworks/restricted",
            "ip_cidr_range": "10.0.1.0/24",
            "ipv6_access_type": "",
            "ipv6_cidr_range": "",
            "log_config": [],
            "name": "restricted",
            "network": "https://www.googleapis.com/compute/v1/projects/iti-ezzat/global/networks/gcp-project-vpc",
            "private_ip_google_access": true,
            "private_ipv6_google_access": "DISABLE_GOOGLE_ACCESS",
            "project": "iti-ezzat",
            "purpose": "PRIVATE",
            "region": "us-central1",
            "role": "",
            "secondary_ip_range": [],
            "self_link": "https://www.googleapis.com/compute/v1/projects/iti-ezzat/regions/us-central1/subnetworks/restricted",
            "stack_type": "IPV4_ONLY",
            "timeouts": null
          },
          "sensitive_attributes": [],
          "private": "eyJlMmJmYjczMC1lY2FhLTExZTYtOGY4OC0zNDM2M2JjN2M0YzAiOnsiY3JlYXRlIjoxMjAwMDAwMDAwMDAwLCJkZWxldGUiOjEyMDAwMDAwMDAwMDAsInVwZGF0ZSI6MTIwMDAwMDAwMDAwMH19",
          "dependencies": [
            "module.network.google_compute_network.vpc"
          ]
        }
      ]
    }
  ]
}
